
Microsoft Visual Studio Solution File, Format Version 12.00
# Visual Studio Version 17
VisualStudioVersion = 17.5.33627.172
MinimumVisualStudioVersion = 10.0.40219.1
Project("{2150E333-8FDC-42A3-9474-1A3956D46DE8}") = "src", "src", "{4CDC4442-6D03-42FE-8D0A-608E79D68F2B}"
EndProject
Project("{2150E333-8FDC-42A3-9474-1A3956D46DE8}") = "test", "test", "{B628CED7-5240-4AFD-AC49-B892C821EA89}"
EndProject
Project("{2150E333-8FDC-42A3-9474-1A3956D46DE8}") = "API", "API", "{F36FD3E4-B9D3-4439-98D1-A937CF216067}"
EndProject
Project("{2150E333-8FDC-42A3-9474-1A3956D46DE8}") = "Core", "Core", "{3405980D-695A-4FB5-934B-F37B329410AC}"
EndProject
Project("{2150E333-8FDC-42A3-9474-1A3956D46DE8}") = "Infrastructure", "Infrastructure", "{93FB0288-11F8-4CD0-8259-023CC691ACD6}"
EndProject
Project("{2150E333-8FDC-42A3-9474-1A3956D46DE8}") = "UI", "UI", "{5CECBA28-A003-44F0-B350-4EAAF54E1C2A}"
EndProject
Project("{9A19103F-16F7-4668-BE54-9A1E7A4F7556}") = "GloboTicket.TicketManagement.Domain", "GloboTicket.TicketManagement.Domain\GloboTicket.TicketManagement.Domain.csproj", "{A2E33B19-DEC9-4A28-8BF1-E2B90CC3D680}"
EndProject
Project("{9A19103F-16F7-4668-BE54-9A1E7A4F7556}") = "GloboTicket.TicketManagement.Application", "GloboTicket.TicketManagement.Application\GloboTicket.TicketManagement.Application.csproj", "{063E9350-B650-431C-8605-882A2CBFF290}"
EndProject
Project("{9A19103F-16F7-4668-BE54-9A1E7A4F7556}") = "GloboTicket.TicketManagement.Persistence", "GloboTicket.TicketManagement.Persistence\GloboTicket.TicketManagement.Persistence.csproj", "{03023651-8379-4278-9851-8DBB205B901F}"
EndProject
Project("{9A19103F-16F7-4668-BE54-9A1E7A4F7556}") = "GloboTicket.TicketManagement.Infrastructure", "GloboTicket.TicketManagement.Infrastructure\GloboTicket.TicketManagement.Infrastructure.csproj", "{220F88A3-4000-488E-B2A3-205696759B61}"
EndProject
Project("{9A19103F-16F7-4668-BE54-9A1E7A4F7556}") = "GloboTicket.TicketManagement.Api", "GloboTicket.TicketManagement.Api\GloboTicket.TicketManagement.Api.csproj", "{4391F05C-D88E-403E-8C6C-25448CFA027C}"
EndProject
Project("{FAE04EC0-301F-11D3-BF4B-00C04F79EFBC}") = "GloboTicket.TicketManagement.Application.UnitTests", "GloboTicket.TicketManagement.Application.UnitTests\GloboTicket.TicketManagement.Application.UnitTests.csproj", "{B0797F14-A124-4203-A2D5-9269E62E6664}"
EndProject
Global
	GlobalSection(SolutionConfigurationPlatforms) = preSolution
		Debug|Any CPU = Debug|Any CPU
		Release|Any CPU = Release|Any CPU
	EndGlobalSection
	GlobalSection(ProjectConfigurationPlatforms) = postSolution
		{A2E33B19-DEC9-4A28-8BF1-E2B90CC3D680}.Debug|Any CPU.ActiveCfg = Debug|Any CPU
		{A2E33B19-DEC9-4A28-8BF1-E2B90CC3D680}.Debug|Any CPU.Build.0 = Debug|Any CPU
		{A2E33B19-DEC9-4A28-8BF1-E2B90CC3D680}.Release|Any CPU.ActiveCfg = Release|Any CPU
		{A2E33B19-DEC9-4A28-8BF1-E2B90CC3D680}.Release|Any CPU.Build.0 = Release|Any CPU
		{063E9350-B650-431C-8605-882A2CBFF290}.Debug|Any CPU.ActiveCfg = Debug|Any CPU
		{063E9350-B650-431C-8605-882A2CBFF290}.Debug|Any CPU.Build.0 = Debug|Any CPU
		{063E9350-B650-431C-8605-882A2CBFF290}.Release|Any CPU.ActiveCfg = Release|Any CPU
		{063E9350-B650-431C-8605-882A2CBFF290}.Release|Any CPU.Build.0 = Release|Any CPU
		{03023651-8379-4278-9851-8DBB205B901F}.Debug|Any CPU.ActiveCfg = Debug|Any CPU
		{03023651-8379-4278-9851-8DBB205B901F}.Debug|Any CPU.Build.0 = Debug|Any CPU
		{03023651-8379-4278-9851-8DBB205B901F}.Release|Any CPU.ActiveCfg = Release|Any CPU
		{03023651-8379-4278-9851-8DBB205B901F}.Release|Any CPU.Build.0 = Release|Any CPU
		{220F88A3-4000-488E-B2A3-205696759B61}.Debug|Any CPU.ActiveCfg = Debug|Any CPU
		{220F88A3-4000-488E-B2A3-205696759B61}.Debug|Any CPU.Build.0 = Debug|Any CPU
		{220F88A3-4000-488E-B2A3-205696759B61}.Release|Any CPU.ActiveCfg = Release|Any CPU
		{220F88A3-4000-488E-B2A3-205696759B61}.Release|Any CPU.Build.0 = Release|Any CPU
		{4391F05C-D88E-403E-8C6C-25448CFA027C}.Debug|Any CPU.ActiveCfg = Debug|Any CPU
		{4391F05C-D88E-403E-8C6C-25448CFA027C}.Debug|Any CPU.Build.0 = Debug|Any CPU
		{4391F05C-D88E-403E-8C6C-25448CFA027C}.Release|Any CPU.ActiveCfg = Release|Any CPU
		{4391F05C-D88E-403E-8C6C-25448CFA027C}.Release|Any CPU.Build.0 = Release|Any CPU
		{B0797F14-A124-4203-A2D5-9269E62E6664}.Debug|Any CPU.ActiveCfg = Debug|Any CPU
		{B0797F14-A124-4203-A2D5-9269E62E6664}.Debug|Any CPU.Build.0 = Debug|Any CPU
		{B0797F14-A124-4203-A2D5-9269E62E6664}.Release|Any CPU.ActiveCfg = Release|Any CPU
		{B0797F14-A124-4203-A2D5-9269E62E6664}.Release|Any CPU.Build.0 = Release|Any CPU
	EndGlobalSection
	GlobalSection(SolutionProperties) = preSolution
		HideSolutionNode = FALSE
	EndGlobalSection
	GlobalSection(NestedProjects) = preSolution
		{F36FD3E4-B9D3-4439-98D1-A937CF216067} = {4CDC4442-6D03-42FE-8D0A-608E79D68F2B}
		{3405980D-695A-4FB5-934B-F37B329410AC} = {4CDC4442-6D03-42FE-8D0A-608E79D68F2B}
		{93FB0288-11F8-4CD0-8259-023CC691ACD6} = {4CDC4442-6D03-42FE-8D0A-608E79D68F2B}
		{5CECBA28-A003-44F0-B350-4EAAF54E1C2A} = {4CDC4442-6D03-42FE-8D0A-608E79D68F2B}
		{A2E33B19-DEC9-4A28-8BF1-E2B90CC3D680} = {3405980D-695A-4FB5-934B-F37B329410AC}
		{063E9350-B650-431C-8605-882A2CBFF290} = {3405980D-695A-4FB5-934B-F37B329410AC}
		{03023651-8379-4278-9851-8DBB205B901F} = {93FB0288-11F8-4CD0-8259-023CC691ACD6}
		{220F88A3-4000-488E-B2A3-205696759B61} = {93FB0288-11F8-4CD0-8259-023CC691ACD6}
		{4391F05C-D88E-403E-8C6C-25448CFA027C} = {F36FD3E4-B9D3-4439-98D1-A937CF216067}
		{B0797F14-A124-4203-A2D5-9269E62E6664} = {B628CED7-5240-4AFD-AC49-B892C821EA89}
	EndGlobalSection
	GlobalSection(ExtensibilityGlobals) = postSolution
		SolutionGuid = {C7B8885C-DBF8-4E98-95FF-F965F589440C}
	EndGlobalSection
EndGlobal
